
Microsoft Visual Studio Solution File, Format Version 12.00
# Visual Studio 14
VisualStudioVersion = 14.0.25420.1
MinimumVisualStudioVersion = 10.0.40219.1
Project("{FAE04EC0-301F-11D3-BF4B-00C04F79EFBC}") = "Marvin.JsonPatch.Dynamic", "src\Marvin.JsonPatch.Dynamic\Marvin.JsonPatch.Dynamic.csproj", "{C8DC479F-2216-4B8F-BC26-23E88B6DA6D5}"
EndProject
Project("{FAE04EC0-301F-11D3-BF4B-00C04F79EFBC}") = "Marvin.JsonPatch.Dynamic.XUnitTest", "test\Marvin.JsonPatch.Dynamic.XUnitTest\Marvin.JsonPatch.Dynamic.XUnitTest.csproj", "{88ACAA9C-58D7-49C5-AEA2-1B65060EF582}"
EndProject
Global
	GlobalSection(SolutionConfigurationPlatforms) = preSolution
		Debug|Any CPU = Debug|Any CPU
		Release|Any CPU = Release|Any CPU
	EndGlobalSection
	GlobalSection(ProjectConfigurationPlatforms) = postSolution
		{C8DC479F-2216-4B8F-BC26-23E88B6DA6D5}.Debug|Any CPU.ActiveCfg = Debug|Any CPU
		{C8DC479F-2216-4B8F-BC26-23E88B6DA6D5}.Debug|Any CPU.Build.0 = Debug|Any CPU
		{C8DC479F-2216-4B8F-BC26-23E88B6DA6D5}.Release|Any CPU.ActiveCfg = Release|Any CPU
		{C8DC479F-2216-4B8F-BC26-23E88B6DA6D5}.Release|Any CPU.Build.0 = Release|Any CPU
		{88ACAA9C-58D7-49C5-AEA2-1B65060EF582}.Debug|Any CPU.ActiveCfg = Debug|Any CPU
		{88ACAA9C-58D7-49C5-AEA2-1B65060EF582}.Debug|Any CPU.Build.0 = Debug|Any CPU
		{88ACAA9C-58D7-49C5-AEA2-1B65060EF582}.Release|Any CPU.ActiveCfg = Release|Any CPU
		{88ACAA9C-58D7-49C5-AEA2-1B65060EF582}.Release|Any CPU.Build.0 = Release|Any CPU
	EndGlobalSection
	GlobalSection(SolutionProperties) = preSolution
		HideSolutionNode = FALSE
	EndGlobalSection
EndGlobal
